# WORKING.lock — OpenCode
agent: opencode
started: Thu May 07 2026
target_files:
  - src/app/agency/page.tsx
  - src/components/agency-prototypes/
  - src/components/agency/AgencySplitLayout.tsx
  - public/agency-prototypes/
  - docs/website-revamp.md
  - (merge: origin/claude/website-revamp-plan-gOmFj)
expires: Thu May 07 2026 + 30 min
